{
  "requires": true,
  "lockfileVersion": 1,
  "dependencies": {
    "rxjs-observable": {
      "version": "0.0.7",
      "resolved": "https://registry.npmjs.org/rxjs-observable/-/rxjs-observable-0.0.7.tgz",
      "integrity": "sha512-aB3nxdX34jbr+83d2b/OERp/96EKSfx0hns06Tt5Gji49AxIPL/D+RV4+jjolPWW3fxArEi3phOEDx9l+RiCLA=="
    }
  }
}
